// !$*UTF8*$!
{
	archiveVersion = 1;
	classes = {
	};
	objectVersion = 46;
	objects = {

/* Begin PBXBuildFile section */
		C58EEBC53BCADD2B05F513F8 /* libPods-gogo.a in Frameworks */ = {isa = PBXBuildFile; fileRef = B2D175D84B34404FAC68D418 /* libPods-gogo.a */; };
		CF0BEDB31F9A3636005275EE /* LoginPage.m in Sources */ = {isa = PBXBuildFile; fileRef = CF0BEDB21F9A3636005275EE /* LoginPage.m */; };
		CF0BEDB61F9A3759005275EE /* ColorUtil.m in Sources */ = {isa = PBXBuildFile; fileRef = CF0BEDB51F9A3759005275EE /* ColorUtil.m */; };
		CF0BEDB91F9B2F78005275EE /* PUtil.m in Sources */ = {isa = PBXBuildFile; fileRef = CF0BEDB81F9B2F78005275EE /* PUtil.m */; };
		CF0BEDBC1F9B4378005275EE /* AccountManager.m in Sources */ = {isa = PBXBuildFile; fileRef = CF0BEDBB1F9B4378005275EE /* AccountManager.m */; };
		CF0BEDC21F9B4780005275EE /* Account.m in Sources */ = {isa = PBXBuildFile; fileRef = CF0BEDC11F9B4780005275EE /* Account.m */; };
		CF0BEDC51F9BA8EE005275EE /* MainPage.m in Sources */ = {isa = PBXBuildFile; fileRef = CF0BEDC41F9BA8EE005275EE /* MainPage.m */; };
		CF0BEDCA1F9BB862005275EE /* GamePage.m in Sources */ = {isa = PBXBuildFile; fileRef = CF0BEDC91F9BB862005275EE /* GamePage.m */; };
		CF0BEDCE1F9BB880005275EE /* MallPage.m in Sources */ = {isa = PBXBuildFile; fileRef = CF0BEDCD1F9BB880005275EE /* MallPage.m */; };
		CF0BEDD21F9BB8AF005275EE /* MinePage.m in Sources */ = {isa = PBXBuildFile; fileRef = CF0BEDD11F9BB8AF005275EE /* MinePage.m */; };
		CF0BEDD51F9BB96E005275EE /* NewsCell.m in Sources */ = {isa = PBXBuildFile; fileRef = CF0BEDD41F9BB96E005275EE /* NewsCell.m */; };
		CF0BEDD81F9BB998005275EE /* NewsModel.m in Sources */ = {isa = PBXBuildFile; fileRef = CF0BEDD71F9BB998005275EE /* NewsModel.m */; };
		CF0BEDD91F9BC817005275EE /* LaunchScreen.storyboard in Resources */ = {isa = PBXBuildFile; fileRef = CF0BEDDB1F9BC817005275EE /* LaunchScreen.storyboard */; };
		CF2EAE551F9D0FC000F35974 /* BottomView.m in Sources */ = {isa = PBXBuildFile; fileRef = CF2EAE541F9D0FC000F35974 /* BottomView.m */; };
		CF2EAE611F9E71A400F35974 /* ScheduleView.m in Sources */ = {isa = PBXBuildFile; fileRef = CF2EAE601F9E71A400F35974 /* ScheduleView.m */; };
		CF2EAE651F9E71D800F35974 /* CorpsView.m in Sources */ = {isa = PBXBuildFile; fileRef = CF2EAE641F9E71D800F35974 /* CorpsView.m */; };
		CF2EAE6D1F9FC44300F35974 /* ScheduleTitleCell.m in Sources */ = {isa = PBXBuildFile; fileRef = CF2EAE6C1F9FC44300F35974 /* ScheduleTitleCell.m */; };
		CF2EAE701F9FC45300F35974 /* ScheduleContentCell.m in Sources */ = {isa = PBXBuildFile; fileRef = CF2EAE6F1F9FC45300F35974 /* ScheduleContentCell.m */; };
		CF2EAE731F9FC47600F35974 /* ScheduleModel.m in Sources */ = {isa = PBXBuildFile; fileRef = CF2EAE721F9FC47600F35974 /* ScheduleModel.m */; };
		CF2EAE761F9FC7C800F35974 /* ContentModel.m in Sources */ = {isa = PBXBuildFile; fileRef = CF2EAE751F9FC7C800F35974 /* ContentModel.m */; };
		CF2EAE7A1FA0D8F500F35974 /* CorpsModel.m in Sources */ = {isa = PBXBuildFile; fileRef = CF2EAE791FA0D8F500F35974 /* CorpsModel.m */; };
		CF2EAE7D1FA0DA4900F35974 /* CorpsCell.m in Sources */ = {isa = PBXBuildFile; fileRef = CF2EAE7C1FA0DA4900F35974 /* CorpsCell.m */; };
		CF2EAE821FA1012800F35974 /* NewsDetailPage.m in Sources */ = {isa = PBXBuildFile; fileRef = CF2EAE811FA1012800F35974 /* NewsDetailPage.m */; };
		CF2EAE851FA103CB00F35974 /* BarView.m in Sources */ = {isa = PBXBuildFile; fileRef = CF2EAE841FA103CB00F35974 /* BarView.m */; };
		CF2EAE881FA1093900F35974 /* TitleView.m in Sources */ = {isa = PBXBuildFile; fileRef = CF2EAE871FA1093900F35974 /* TitleView.m */; };
		CF2EAE8B1FA10D6200F35974 /* CommentCell.m in Sources */ = {isa = PBXBuildFile; fileRef = CF2EAE8A1FA10D6200F35974 /* CommentCell.m */; };
		CF2EAE8E1FA10D9200F35974 /* CommentModel.m in Sources */ = {isa = PBXBuildFile; fileRef = CF2EAE8D1FA10D9200F35974 /* CommentModel.m */; };
		CF2EAE911FA119AA00F35974 /* InsetTextField.m in Sources */ = {isa = PBXBuildFile; fileRef = CF2EAE901FA119AA00F35974 /* InsetTextField.m */; };
		CF2EAE941FA11C8800F35974 /* TouchScrollView.m in Sources */ = {isa = PBXBuildFile; fileRef = CF2EAE931FA11C8800F35974 /* TouchScrollView.m */; };
		CF7214E31F6678E4002F3634 /* main.m in Sources */ = {isa = PBXBuildFile; fileRef = CF7214E21F6678E4002F3634 /* main.m */; };
		CF7214E61F6678E4002F3634 /* AppDelegate.m in Sources */ = {isa = PBXBuildFile; fileRef = CF7214E51F6678E4002F3634 /* AppDelegate.m */; };
		CF7214EE1F6678E4002F3634 /* Assets.xcassets in Resources */ = {isa = PBXBuildFile; fileRef = CF7214ED1F6678E4002F3634 /* Assets.xcassets */; };
		CFCB0F0C1F7105360087ACC7 /* BaseViewController.m in Sources */ = {isa = PBXBuildFile; fileRef = CFCB0F011F7105360087ACC7 /* BaseViewController.m */; };
		CFCB0F0D1F7105360087ACC7 /* Constant.m in Sources */ = {isa = PBXBuildFile; fileRef = CFCB0F031F7105360087ACC7 /* Constant.m */; };
		CFCB0F0F1F7105360087ACC7 /* ByNetUtil.m in Sources */ = {isa = PBXBuildFile; fileRef = CFCB0F0A1F7105360087ACC7 /* ByNetUtil.m */; };
		CFCB0F151F7106620087ACC7 /* BySegmentView.m in Sources */ = {isa = PBXBuildFile; fileRef = CFCB0F141F7106620087ACC7 /* BySegmentView.m */; };
		CFCB0F181F71088F0087ACC7 /* HomeView.m in Sources */ = {isa = PBXBuildFile; fileRef = CFCB0F171F71088F0087ACC7 /* HomeView.m */; };
		CFCB0F491F711E6F0087ACC7 /* SDCollectionViewCell.m in Sources */ = {isa = PBXBuildFile; fileRef = CFCB0F3C1F711E6F0087ACC7 /* SDCollectionViewCell.m */; };
		CFCB0F4A1F711E6F0087ACC7 /* SDCycleScrollView.m in Sources */ = {isa = PBXBuildFile; fileRef = CFCB0F3E1F711E6F0087ACC7 /* SDCycleScrollView.m */; };
		CFCB0F4B1F711E6F0087ACC7 /* TAAbstractDotView.m in Sources */ = {isa = PBXBuildFile; fileRef = CFCB0F401F711E6F0087ACC7 /* TAAbstractDotView.m */; };
		CFCB0F4C1F711E6F0087ACC7 /* TAAnimatedDotView.m in Sources */ = {isa = PBXBuildFile; fileRef = CFCB0F421F711E6F0087ACC7 /* TAAnimatedDotView.m */; };
		CFCB0F4D1F711E6F0087ACC7 /* TADotView.m in Sources */ = {isa = PBXBuildFile; fileRef = CFCB0F441F711E6F0087ACC7 /* TADotView.m */; };
		CFCB0F4E1F711E6F0087ACC7 /* TAPageControl.m in Sources */ = {isa = PBXBuildFile; fileRef = CFCB0F461F711E6F0087ACC7 /* TAPageControl.m */; };
		CFCB0F4F1F711E6F0087ACC7 /* UIView+SDExtension.m in Sources */ = {isa = PBXBuildFile; fileRef = CFCB0F481F711E6F0087ACC7 /* UIView+SDExtension.m */; };
		CFCB0F571F7175940087ACC7 /* CombatTeams.plist in Resources */ = {isa = PBXBuildFile; fileRef = CFCB0F561F7175940087ACC7 /* CombatTeams.plist */; };
		CFCB0F5A1F7249290087ACC7 /* News.plist in Resources */ = {isa = PBXBuildFile; fileRef = CFCB0F591F7249290087ACC7 /* News.plist */; };
/* End PBXBuildFile section */

/* Begin PBXFileReference section */
		4C28CEC5C40CD549BF302F04 /* Pods-gogo.release.xcconfig */ = {isa = PBXFileReference; includeInIndex = 1; lastKnownFileType = text.xcconfig; name = "Pods-gogo.release.xcconfig"; path = "Pods/Target Support Files/Pods-gogo/Pods-gogo.release.xcconfig"; sourceTree = "<group>"; };
		B2D175D84B34404FAC68D418 /* libPods-gogo.a */ = {isa = PBXFileReference; explicitFileType = archive.ar; includeInIndex = 0; path = "libPods-gogo.a"; sourceTree = BUILT_PRODUCTS_DIR; };
		CF0BEDB11F9A3636005275EE /* LoginPage.h */ = {isa = PBXFileReference; lastKnownFileType = sourcecode.c.h; path = LoginPage.h; sourceTree = "<group>"; };
		CF0BEDB21F9A3636005275EE /* LoginPage.m */ = {isa = PBXFileReference; lastKnownFileType = sourcecode.c.objc; path = LoginPage.m; sourceTree = "<group>"; };
		CF0BEDB41F9A3759005275EE /* ColorUtil.h */ = {isa = PBXFileReference; fileEncoding = 4; lastKnownFileType = sourcecode.c.h; path = ColorUtil.h; sourceTree = "<group>"; };
		CF0BEDB51F9A3759005275EE /* ColorUtil.m */ = {isa = PBXFileReference; fileEncoding = 4; lastKnownFileType = sourcecode.c.objc; path = ColorUtil.m; sourceTree = "<group>"; };
		CF0BEDB71F9B2F77005275EE /* PUtil.h */ = {isa = PBXFileReference; lastKnownFileType = sourcecode.c.h; path = PUtil.h; sourceTree = "<group>"; };
		CF0BEDB81F9B2F78005275EE /* PUtil.m */ = {isa = PBXFileReference; lastKnownFileType = sourcecode.c.objc; path = PUtil.m; sourceTree = "<group>"; };
		CF0BEDBA1F9B4378005275EE /* AccountManager.h */ = {isa = PBXFileReference; lastKnownFileType = sourcecode.c.h; path = AccountManager.h; sourceTree = "<group>"; };
		CF0BEDBB1F9B4378005275EE /* AccountManager.m */ = {isa = PBXFileReference; lastKnownFileType = sourcecode.c.objc; path = AccountManager.m; sourceTree = "<group>"; };
		CF0BEDBD1F9B43F5005275EE /* Singleton.h */ = {isa = PBXFileReference; fileEncoding = 4; lastKnownFileType = sourcecode.c.h; path = Singleton.h; sourceTree = "<group>"; };
		CF0BEDBE1F9B4484005275EE /* Account.h */ = {isa = PBXFileReference; lastKnownFileType = sourcecode.c.h; path = Account.h; sourceTree = "<group>"; };
		CF0BEDC11F9B4780005275EE /* Account.m */ = {isa = PBXFileReference; lastKnownFileType = sourcecode.c.objc; path = Account.m; sourceTree = "<group>"; };
		CF0BEDC31F9BA8EE005275EE /* MainPage.h */ = {isa = PBXFileReference; lastKnownFileType = sourcecode.c.h; path = MainPage.h; sourceTree = "<group>"; };
		CF0BEDC41F9BA8EE005275EE /* MainPage.m */ = {isa = PBXFileReference; lastKnownFileType = sourcecode.c.objc; path = MainPage.m; sourceTree = "<group>"; };
		CF0BEDC81F9BB862005275EE /* GamePage.h */ = {isa = PBXFileReference; lastKnownFileType = sourcecode.c.h; path = GamePage.h; sourceTree = "<group>"; };
		CF0BEDC91F9BB862005275EE /* GamePage.m */ = {isa = PBXFileReference; lastKnownFileType = sourcecode.c.objc; path = GamePage.m; sourceTree = "<group>"; };
		CF0BEDCC1F9BB880005275EE /* MallPage.h */ = {isa = PBXFileReference; lastKnownFileType = sourcecode.c.h; path = MallPage.h; sourceTree = "<group>"; };
		CF0BEDCD1F9BB880005275EE /* MallPage.m */ = {isa = PBXFileReference; lastKnownFileType = sourcecode.c.objc; path = MallPage.m; sourceTree = "<group>"; };
		CF0BEDD01F9BB8AF005275EE /* MinePage.h */ = {isa = PBXFileReference; lastKnownFileType = sourcecode.c.h; path = MinePage.h; sourceTree = "<group>"; };
		CF0BEDD11F9BB8AF005275EE /* MinePage.m */ = {isa = PBXFileReference; lastKnownFileType = sourcecode.c.objc; path = MinePage.m; sourceTree = "<group>"; };
		CF0BEDD31F9BB96E005275EE /* NewsCell.h */ = {isa = PBXFileReference; lastKnownFileType = sourcecode.c.h; path = NewsCell.h; sourceTree = "<group>"; };
		CF0BEDD41F9BB96E005275EE /* NewsCell.m */ = {isa = PBXFileReference; lastKnownFileType = sourcecode.c.objc; path = NewsCell.m; sourceTree = "<group>"; };
		CF0BEDD61F9BB998005275EE /* NewsModel.h */ = {isa = PBXFileReference; lastKnownFileType = sourcecode.c.h; path = NewsModel.h; sourceTree = "<group>"; };
		CF0BEDD71F9BB998005275EE /* NewsModel.m */ = {isa = PBXFileReference; lastKnownFileType = sourcecode.c.objc; path = NewsModel.m; sourceTree = "<group>"; };
		CF0BEDDA1F9BC817005275EE /* Base */ = {isa = PBXFileReference; lastKnownFileType = file.storyboard; name = Base; path = Base.lproj/LaunchScreen.storyboard; sourceTree = "<group>"; };
		CF2EAE531F9D0FC000F35974 /* BottomView.h */ = {isa = PBXFileReference; lastKnownFileType = sourcecode.c.h; path = BottomView.h; sourceTree = "<group>"; };
		CF2EAE541F9D0FC000F35974 /* BottomView.m */ = {isa = PBXFileReference; lastKnownFileType = sourcecode.c.objc; path = BottomView.m; sourceTree = "<group>"; };
		CF2EAE5F1F9E71A400F35974 /* ScheduleView.h */ = {isa = PBXFileReference; lastKnownFileType = sourcecode.c.h; path = ScheduleView.h; sourceTree = "<group>"; };
		CF2EAE601F9E71A400F35974 /* ScheduleView.m */ = {isa = PBXFileReference; lastKnownFileType = sourcecode.c.objc; path = ScheduleView.m; sourceTree = "<group>"; };
		CF2EAE631F9E71D800F35974 /* CorpsView.h */ = {isa = PBXFileReference; lastKnownFileType = sourcecode.c.h; path = CorpsView.h; sourceTree = "<group>"; };
		CF2EAE641F9E71D800F35974 /* CorpsView.m */ = {isa = PBXFileReference; lastKnownFileType = sourcecode.c.objc; path = CorpsView.m; sourceTree = "<group>"; };
		CF2EAE661F9E799C00F35974 /* gogo.entitlements */ = {isa = PBXFileReference; lastKnownFileType = text.plist.entitlements; path = gogo.entitlements; sourceTree = "<group>"; };
		CF2EAE6B1F9FC44300F35974 /* ScheduleTitleCell.h */ = {isa = PBXFileReference; lastKnownFileType = sourcecode.c.h; path = ScheduleTitleCell.h; sourceTree = "<group>"; };
		CF2EAE6C1F9FC44300F35974 /* ScheduleTitleCell.m */ = {isa = PBXFileReference; lastKnownFileType = sourcecode.c.objc; path = ScheduleTitleCell.m; sourceTree = "<group>"; };
		CF2EAE6E1F9FC45300F35974 /* ScheduleContentCell.h */ = {isa = PBXFileReference; lastKnownFileType = sourcecode.c.h; path = ScheduleContentCell.h; sourceTree = "<group>"; };
		CF2EAE6F1F9FC45300F35974 /* ScheduleContentCell.m */ = {isa = PBXFileReference; lastKnownFileType = sourcecode.c.objc; path = ScheduleContentCell.m; sourceTree = "<group>"; };
		CF2EAE711F9FC47600F35974 /* ScheduleModel.h */ = {isa = PBXFileReference; lastKnownFileType = sourcecode.c.h; path = ScheduleModel.h; sourceTree = "<group>"; };
		CF2EAE721F9FC47600F35974 /* ScheduleModel.m */ = {isa = PBXFileReference; lastKnownFileType = sourcecode.c.objc; path = ScheduleModel.m; sourceTree = "<group>"; };
		CF2EAE741F9FC7C800F35974 /* ContentModel.h */ = {isa = PBXFileReference; lastKnownFileType = sourcecode.c.h; path = ContentModel.h; sourceTree = "<group>"; };
		CF2EAE751F9FC7C800F35974 /* ContentModel.m */ = {isa = PBXFileReference; lastKnownFileType = sourcecode.c.objc; path = ContentModel.m; sourceTree = "<group>"; };
		CF2EAE781FA0D8F500F35974 /* CorpsModel.h */ = {isa = PBXFileReference; lastKnownFileType = sourcecode.c.h; path = CorpsModel.h; sourceTree = "<group>"; };
		CF2EAE791FA0D8F500F35974 /* CorpsModel.m */ = {isa = PBXFileReference; lastKnownFileType = sourcecode.c.objc; path = CorpsModel.m; sourceTree = "<group>"; };
		CF2EAE7B1FA0DA4900F35974 /* CorpsCell.h */ = {isa = PBXFileReference; lastKnownFileType = sourcecode.c.h; path = CorpsCell.h; sourceTree = "<group>"; };
		CF2EAE7C1FA0DA4900F35974 /* CorpsCell.m */ = {isa = PBXFileReference; lastKnownFileType = sourcecode.c.objc; path = CorpsCell.m; sourceTree = "<group>"; };
		CF2EAE801FA1012800F35974 /* NewsDetailPage.h */ = {isa = PBXFileReference; lastKnownFileType = sourcecode.c.h; path = NewsDetailPage.h; sourceTree = "<group>"; };
		CF2EAE811FA1012800F35974 /* NewsDetailPage.m */ = {isa = PBXFileReference; lastKnownFileType = sourcecode.c.objc; path = NewsDetailPage.m; sourceTree = "<group>"; };
		CF2EAE831FA103CB00F35974 /* BarView.h */ = {isa = PBXFileReference; lastKnownFileType = sourcecode.c.h; path = BarView.h; sourceTree = "<group>"; };
		CF2EAE841FA103CB00F35974 /* BarView.m */ = {isa = PBXFileReference; lastKnownFileType = sourcecode.c.objc; path = BarView.m; sourceTree = "<group>"; };
		CF2EAE861FA1093900F35974 /* TitleView.h */ = {isa = PBXFileReference; lastKnownFileType = sourcecode.c.h; path = TitleView.h; sourceTree = "<group>"; };
		CF2EAE871FA1093900F35974 /* TitleView.m */ = {isa = PBXFileReference; lastKnownFileType = sourcecode.c.objc; path = TitleView.m; sourceTree = "<group>"; };
		CF2EAE891FA10D6200F35974 /* CommentCell.h */ = {isa = PBXFileReference; lastKnownFileType = sourcecode.c.h; path = CommentCell.h; sourceTree = "<group>"; };
		CF2EAE8A1FA10D6200F35974 /* CommentCell.m */ = {isa = PBXFileReference; lastKnownFileType = sourcecode.c.objc; path = CommentCell.m; sourceTree = "<group>"; };
		CF2EAE8C1FA10D9200F35974 /* CommentModel.h */ = {isa = PBXFileReference; lastKnownFileType = sourcecode.c.h; path = CommentModel.h; sourceTree = "<group>"; };
		CF2EAE8D1FA10D9200F35974 /* CommentModel.m */ = {isa = PBXFileReference; lastKnownFileType = sourcecode.c.objc; path = CommentModel.m; sourceTree = "<group>"; };
		CF2EAE8F1FA119AA00F35974 /* InsetTextField.h */ = {isa = PBXFileReference; lastKnownFileType = sourcecode.c.h; path = InsetTextField.h; sourceTree = "<group>"; };
		CF2EAE901FA119AA00F35974 /* InsetTextField.m */ = {isa = PBXFileReference; lastKnownFileType = sourcecode.c.objc; path = InsetTextField.m; sourceTree = "<group>"; };
		CF2EAE921FA11C8800F35974 /* TouchScrollView.h */ = {isa = PBXFileReference; lastKnownFileType = sourcecode.c.h; path = TouchScrollView.h; sourceTree = "<group>"; };
		CF2EAE931FA11C8800F35974 /* TouchScrollView.m */ = {isa = PBXFileReference; lastKnownFileType = sourcecode.c.objc; path = TouchScrollView.m; sourceTree = "<group>"; };
		CF7214DE1F6678E4002F3634 /* gogo.app */ = {isa = PBXFileReference; explicitFileType = wrapper.application; includeInIndex = 0; path = gogo.app; sourceTree = BUILT_PRODUCTS_DIR; };
		CF7214E21F6678E4002F3634 /* main.m */ = {isa = PBXFileReference; lastKnownFileType = sourcecode.c.objc; path = main.m; sourceTree = "<group>"; };
		CF7214E41F6678E4002F3634 /* AppDelegate.h */ = {isa = PBXFileReference; lastKnownFileType = sourcecode.c.h; path = AppDelegate.h; sourceTree = "<group>"; };
		CF7214E51F6678E4002F3634 /* AppDelegate.m */ = {isa = PBXFileReference; lastKnownFileType = sourcecode.c.objc; path = AppDelegate.m; sourceTree = "<group>"; };
		CF7214ED1F6678E4002F3634 /* Assets.xcassets */ = {isa = PBXFileReference; lastKnownFileType = folder.assetcatalog; path = Assets.xcassets; sourceTree = "<group>"; };
		CF7214F21F6678E4002F3634 /* Info.plist */ = {isa = PBXFileReference; lastKnownFileType = text.plist.xml; path = Info.plist; sourceTree = "<group>"; };
		CFCB0F001F7105360087ACC7 /* BaseViewController.h */ = {isa = PBXFileReference; fileEncoding = 4; lastKnownFileType = sourcecode.c.h; path = BaseViewController.h; sourceTree = "<group>"; };
		CFCB0F011F7105360087ACC7 /* BaseViewController.m */ = {isa = PBXFileReference; fileEncoding = 4; lastKnownFileType = sourcecode.c.objc; path = BaseViewController.m; sourceTree = "<group>"; };
		CFCB0F021F7105360087ACC7 /* Constant.h */ = {isa = PBXFileReference; fileEncoding = 4; lastKnownFileType = sourcecode.c.h; path = Constant.h; sourceTree = "<group>"; };
		CFCB0F031F7105360087ACC7 /* Constant.m */ = {isa = PBXFileReference; fileEncoding = 4; lastKnownFileType = sourcecode.c.objc; path = Constant.m; sourceTree = "<group>"; };
		CFCB0F091F7105360087ACC7 /* ByNetUtil.h */ = {isa = PBXFileReference; fileEncoding = 4; lastKnownFileType = sourcecode.c.h; path = ByNetUtil.h; sourceTree = "<group>"; };
		CFCB0F0A1F7105360087ACC7 /* ByNetUtil.m */ = {isa = PBXFileReference; fileEncoding = 4; lastKnownFileType = sourcecode.c.objc; path = ByNetUtil.m; sourceTree = "<group>"; };
		CFCB0F131F7106620087ACC7 /* BySegmentView.h */ = {isa = PBXFileReference; fileEncoding = 4; lastKnownFileType = sourcecode.c.h; path = BySegmentView.h; sourceTree = "<group>"; };
		CFCB0F141F7106620087ACC7 /* BySegmentView.m */ = {isa = PBXFileReference; fileEncoding = 4; lastKnownFileType = sourcecode.c.objc; path = BySegmentView.m; sourceTree = "<group>"; };
		CFCB0F161F71088F0087ACC7 /* HomeView.h */ = {isa = PBXFileReference; fileEncoding = 4; lastKnownFileType = sourcecode.c.h; path = HomeView.h; sourceTree = "<group>"; };
		CFCB0F171F71088F0087ACC7 /* HomeView.m */ = {isa = PBXFileReference; fileEncoding = 4; lastKnownFileType = sourcecode.c.objc; path = HomeView.m; sourceTree = "<group>"; };
		CFCB0F3B1F711E6F0087ACC7 /* SDCollectionViewCell.h */ = {isa = PBXFileReference; fileEncoding = 4; lastKnownFileType = sourcecode.c.h; path = SDCollectionViewCell.h; sourceTree = "<group>"; };
		CFCB0F3C1F711E6F0087ACC7 /* SDCollectionViewCell.m */ = {isa = PBXFileReference; fileEncoding = 4; lastKnownFileType = sourcecode.c.objc; path = SDCollectionViewCell.m; sourceTree = "<group>"; };
		CFCB0F3D1F711E6F0087ACC7 /* SDCycleScrollView.h */ = {isa = PBXFileReference; fileEncoding = 4; lastKnownFileType = sourcecode.c.h; path = SDCycleScrollView.h; sourceTree = "<group>"; };
		CFCB0F3E1F711E6F0087ACC7 /* SDCycleScrollView.m */ = {isa = PBXFileReference; fileEncoding = 4; lastKnownFileType = sourcecode.c.objc; path = SDCycleScrollView.m; sourceTree = "<group>"; };
		CFCB0F3F1F711E6F0087ACC7 /* TAAbstractDotView.h */ = {isa = PBXFileReference; fileEncoding = 4; lastKnownFileType = sourcecode.c.h; path = TAAbstractDotView.h; sourceTree = "<group>"; };
		CFCB0F401F711E6F0087ACC7 /* TAAbstractDotView.m */ = {isa = PBXFileReference; fileEncoding = 4; lastKnownFileType = sourcecode.c.objc; path = TAAbstractDotView.m; sourceTree = "<group>"; };
		CFCB0F411F711E6F0087ACC7 /* TAAnimatedDotView.h */ = {isa = PBXFileReference; fileEncoding = 4; lastKnownFileType = sourcecode.c.h; path = TAAnimatedDotView.h; sourceTree = "<group>"; };
		CFCB0F421F711E6F0087ACC7 /* TAAnimatedDotView.m */ = {isa = PBXFileReference; fileEncoding = 4; lastKnownFileType = sourcecode.c.objc; path = TAAnimatedDotView.m; sourceTree = "<group>"; };
		CFCB0F431F711E6F0087ACC7 /* TADotView.h */ = {isa = PBXFileReference; fileEncoding = 4; lastKnownFileType = sourcecode.c.h; path = TADotView.h; sourceTree = "<group>"; };
		CFCB0F441F711E6F0087ACC7 /* TADotView.m */ = {isa = PBXFileReference; fileEncoding = 4; lastKnownFileType = sourcecode.c.objc; path = TADotView.m; sourceTree = "<group>"; };
		CFCB0F451F711E6F0087ACC7 /* TAPageControl.h */ = {isa = PBXFileReference; fileEncoding = 4; lastKnownFileType = sourcecode.c.h; path = TAPageControl.h; sourceTree = "<group>"; };
		CFCB0F461F711E6F0087ACC7 /* TAPageControl.m */ = {isa = PBXFileReference; fileEncoding = 4; lastKnownFileType = sourcecode.c.objc; path = TAPageControl.m; sourceTree = "<group>"; };
		CFCB0F471F711E6F0087ACC7 /* UIView+SDExtension.h */ = {isa = PBXFileReference; fileEncoding = 4; lastKnownFileType = sourcecode.c.h; path = "UIView+SDExtension.h"; sourceTree = "<group>"; };
		CFCB0F481F711E6F0087ACC7 /* UIView+SDExtension.m */ = {isa = PBXFileReference; fileEncoding = 4; lastKnownFileType = sourcecode.c.objc; path = "UIView+SDExtension.m"; sourceTree = "<group>"; };
		CFCB0F561F7175940087ACC7 /* CombatTeams.plist */ = {isa = PBXFileReference; fileEncoding = 4; lastKnownFileType = text.plist.xml; path = CombatTeams.plist; sourceTree = "<group>"; };
		CFCB0F591F7249290087ACC7 /* News.plist */ = {isa = PBXFileReference; fileEncoding = 4; lastKnownFileType = text.plist.xml; path = News.plist; sourceTree = "<group>"; };
		CFCBA8021F6FAD2100D7D8B4 /* PrefixHeader.pch */ = {isa = PBXFileReference; fileEncoding = 4; lastKnownFileType = sourcecode.c.h; path = PrefixHeader.pch; sourceTree = "<group>"; };
		FC91EBAA0A903D9AA36FDE62 /* Pods-gogo.debug.xcconfig */ = {isa = PBXFileReference; includeInIndex = 1; lastKnownFileType = text.xcconfig; name = "Pods-gogo.debug.xcconfig"; path = "Pods/Target Support Files/Pods-gogo/Pods-gogo.debug.xcconfig"; sourceTree = "<group>"; };
/* End PBXFileReference section */

/* Begin PBXFrameworksBuildPhase section */
		CF7214DB1F6678E4002F3634 /* Frameworks */ = {
			isa = PBXFrameworksBuildPhase;
			buildActionMask = 2147483647;
			files = (
				C58EEBC53BCADD2B05F513F8 /* libPods-gogo.a in Frameworks */,
			);
			runOnlyForDeploymentPostprocessing = 0;
		};
/* End PBXFrameworksBuildPhase section */

/* Begin PBXGroup section */
		0B3F5C946CD226272B2A24DA /* Frameworks */ = {
			isa = PBXGroup;
			children = (
				B2D175D84B34404FAC68D418 /* libPods-gogo.a */,
			);
			name = Frameworks;
			sourceTree = "<group>";
		};
		CEDCAA6EC12CA829DA87D351 /* Pods */ = {
			isa = PBXGroup;
			children = (
				FC91EBAA0A903D9AA36FDE62 /* Pods-gogo.debug.xcconfig */,
				4C28CEC5C40CD549BF302F04 /* Pods-gogo.release.xcconfig */,
			);
			name = Pods;
			sourceTree = "<group>";
		};
		CF0BEDB01F9A361F005275EE /* login */ = {
			isa = PBXGroup;
			children = (
				CF0BEDB11F9A3636005275EE /* LoginPage.h */,
				CF0BEDB21F9A3636005275EE /* LoginPage.m */,
			);
			name = login;
			sourceTree = "<group>";
		};
		CF0BEDC61F9BA8FD005275EE /* home */ = {
			isa = PBXGroup;
			children = (
				CF2EAE7F1FA100E400F35974 /* detail */,
				CFCB0F161F71088F0087ACC7 /* HomeView.h */,
				CFCB0F171F71088F0087ACC7 /* HomeView.m */,
				CF0BEDD31F9BB96E005275EE /* NewsCell.h */,
				CF0BEDD41F9BB96E005275EE /* NewsCell.m */,
			);
			name = home;
			sourceTree = "<group>";
		};
		CF0BEDC71F9BB856005275EE /* game */ = {
			isa = PBXGroup;
			children = (
				CF2EAE621F9E71C100F35974 /* corps */,
				CF2EAE5E1F9E719100F35974 /* schedule */,
				CF0BEDC81F9BB862005275EE /* GamePage.h */,
				CF0BEDC91F9BB862005275EE /* GamePage.m */,
			);
			name = game;
			sourceTree = "<group>";
		};
		CF0BEDCB1F9BB873005275EE /* mall */ = {
			isa = PBXGroup;
			children = (
				CF0BEDCC1F9BB880005275EE /* MallPage.h */,
				CF0BEDCD1F9BB880005275EE /* MallPage.m */,
			);
			name = mall;
			sourceTree = "<group>";
		};
		CF0BEDCF1F9BB89B005275EE /* mine */ = {
			isa = PBXGroup;
			children = (
				CF0BEDD01F9BB8AF005275EE /* MinePage.h */,
				CF0BEDD11F9BB8AF005275EE /* MinePage.m */,
			);
			name = mine;
			sourceTree = "<group>";
		};
		CF2EAE5E1F9E719100F35974 /* schedule */ = {
			isa = PBXGroup;
			children = (
				CF2EAE5F1F9E71A400F35974 /* ScheduleView.h */,
				CF2EAE601F9E71A400F35974 /* ScheduleView.m */,
				CF2EAE6B1F9FC44300F35974 /* ScheduleTitleCell.h */,
				CF2EAE6C1F9FC44300F35974 /* ScheduleTitleCell.m */,
				CF2EAE6E1F9FC45300F35974 /* ScheduleContentCell.h */,
				CF2EAE6F1F9FC45300F35974 /* ScheduleContentCell.m */,
			);
			name = schedule;
			sourceTree = "<group>";
		};
		CF2EAE621F9E71C100F35974 /* corps */ = {
			isa = PBXGroup;
			children = (
				CF2EAE631F9E71D800F35974 /* CorpsView.h */,
				CF2EAE641F9E71D800F35974 /* CorpsView.m */,
				CF2EAE7B1FA0DA4900F35974 /* CorpsCell.h */,
				CF2EAE7C1FA0DA4900F35974 /* CorpsCell.m */,
			);
			name = corps;
			sourceTree = "<group>";
		};
		CF2EAE7F1FA100E400F35974 /* detail */ = {
			isa = PBXGroup;
			children = (
				CF2EAE801FA1012800F35974 /* NewsDetailPage.h */,
				CF2EAE811FA1012800F35974 /* NewsDetailPage.m */,
				CF2EAE891FA10D6200F35974 /* CommentCell.h */,
				CF2EAE8A1FA10D6200F35974 /* CommentCell.m */,
			);
			name = detail;
			sourceTree = "<group>";
		};
		CF7214D51F6678E4002F3634 = {
			isa = PBXGroup;
			children = (
				CF7214E01F6678E4002F3634 /* gogo */,
				CF7214DF1F6678E4002F3634 /* Products */,
				CEDCAA6EC12CA829DA87D351 /* Pods */,
				0B3F5C946CD226272B2A24DA /* Frameworks */,
			);
			sourceTree = "<group>";
		};
		CF7214DF1F6678E4002F3634 /* Products */ = {
			isa = PBXGroup;
			children = (
				CF7214DE1F6678E4002F3634 /* gogo.app */,
			);
			name = Products;
			sourceTree = "<group>";
		};
		CF7214E01F6678E4002F3634 /* gogo */ = {
			isa = PBXGroup;
			children = (
				CF2EAE661F9E799C00F35974 /* gogo.entitlements */,
				CFCB0EFF1F7105360087ACC7 /* global */,
				CFCB0F041F7105360087ACC7 /* model */,
				CFCB0F051F7105360087ACC7 /* page */,
				CFCB0F081F7105360087ACC7 /* utils */,
				CFCB0F0B1F7105360087ACC7 /* view */,
				CF7214E41F6678E4002F3634 /* AppDelegate.h */,
				CF7214E51F6678E4002F3634 /* AppDelegate.m */,
				CF7214E11F6678E4002F3634 /* Supporting Files */,
			);
			path = gogo;
			sourceTree = "<group>";
		};
		CF7214E11F6678E4002F3634 /* Supporting Files */ = {
			isa = PBXGroup;
			children = (
				CF7214ED1F6678E4002F3634 /* Assets.xcassets */,
				CF7214F21F6678E4002F3634 /* Info.plist */,
				CF7214E21F6678E4002F3634 /* main.m */,
				CFCBA8021F6FAD2100D7D8B4 /* PrefixHeader.pch */,
				CF0BEDDB1F9BC817005275EE /* LaunchScreen.storyboard */,
				CFCB0F561F7175940087ACC7 /* CombatTeams.plist */,
				CFCB0F591F7249290087ACC7 /* News.plist */,
			);
			name = "Supporting Files";
			sourceTree = "<group>";
		};
		CFCB0EFF1F7105360087ACC7 /* global */ = {
			isa = PBXGroup;
			children = (
				CFCB0F001F7105360087ACC7 /* BaseViewController.h */,
				CFCB0F011F7105360087ACC7 /* BaseViewController.m */,
				CFCB0F021F7105360087ACC7 /* Constant.h */,
				CFCB0F031F7105360087ACC7 /* Constant.m */,
			);
			path = global;
			sourceTree = "<group>";
		};
		CFCB0F041F7105360087ACC7 /* model */ = {
			isa = PBXGroup;
			children = (
				CF0BEDBA1F9B4378005275EE /* AccountManager.h */,
				CF0BEDBB1F9B4378005275EE /* AccountManager.m */,
				CF0BEDBE1F9B4484005275EE /* Account.h */,
				CF0BEDC11F9B4780005275EE /* Account.m */,
				CF0BEDD61F9BB998005275EE /* NewsModel.h */,
				CF0BEDD71F9BB998005275EE /* NewsModel.m */,
				CF2EAE711F9FC47600F35974 /* ScheduleModel.h */,
				CF2EAE721F9FC47600F35974 /* ScheduleModel.m */,
				CF2EAE741F9FC7C800F35974 /* ContentModel.h */,
				CF2EAE751F9FC7C800F35974 /* ContentModel.m */,
				CF2EAE781FA0D8F500F35974 /* CorpsModel.h */,
				CF2EAE791FA0D8F500F35974 /* CorpsModel.m */,
				CF2EAE8C1FA10D9200F35974 /* CommentModel.h */,
				CF2EAE8D1FA10D9200F35974 /* CommentModel.m */,
			);
			path = model;
			sourceTree = "<group>";
		};
		CFCB0F051F7105360087ACC7 /* page */ = {
			isa = PBXGroup;
			children = (
				CF0BEDCF1F9BB89B005275EE /* mine */,
				CF0BEDB01F9A361F005275EE /* login */,
				CF0BEDC61F9BA8FD005275EE /* home */,
				CF0BEDCB1F9BB873005275EE /* mall */,
				CF0BEDC71F9BB856005275EE /* game */,
				CF0BEDC31F9BA8EE005275EE /* MainPage.h */,
				CF0BEDC41F9BA8EE005275EE /* MainPage.m */,
			);
			path = page;
			sourceTree = "<group>";
		};
		CFCB0F081F7105360087ACC7 /* utils */ = {
			isa = PBXGroup;
			children = (
				CF0BEDBD1F9B43F5005275EE /* Singleton.h */,
				CF0BEDB41F9A3759005275EE /* ColorUtil.h */,
				CF0BEDB51F9A3759005275EE /* ColorUtil.m */,
				CFCB0F091F7105360087ACC7 /* ByNetUtil.h */,
				CFCB0F0A1F7105360087ACC7 /* ByNetUtil.m */,
				CF0BEDB71F9B2F77005275EE /* PUtil.h */,
				CF0BEDB81F9B2F78005275EE /* PUtil.m */,
			);
			path = utils;
			sourceTree = "<group>";
		};
		CFCB0F0B1F7105360087ACC7 /* view */ = {
			isa = PBXGroup;
			children = (
				CFCB0F3A1F711E6F0087ACC7 /* SDCycleScrollView */,
				CFCB0F131F7106620087ACC7 /* BySegmentView.h */,
				CFCB0F141F7106620087ACC7 /* BySegmentView.m */,
				CF2EAE531F9D0FC000F35974 /* BottomView.h */,
				CF2EAE541F9D0FC000F35974 /* BottomView.m */,
				CF2EAE831FA103CB00F35974 /* BarView.h */,
				CF2EAE841FA103CB00F35974 /* BarView.m */,
				CF2EAE861FA1093900F35974 /* TitleView.h */,
				CF2EAE871FA1093900F35974 /* TitleView.m */,
				CF2EAE8F1FA119AA00F35974 /* InsetTextField.h */,
				CF2EAE901FA119AA00F35974 /* InsetTextField.m */,
				CF2EAE921FA11C8800F35974 /* TouchScrollView.h */,
				CF2EAE931FA11C8800F35974 /* TouchScrollView.m */,
			);
			path = view;
			sourceTree = "<group>";
		};
		CFCB0F3A1F711E6F0087ACC7 /* SDCycleScrollView */ = {
			isa = PBXGroup;
			children = (
				CFCB0F3B1F711E6F0087ACC7 /* SDCollectionViewCell.h */,
				CFCB0F3C1F711E6F0087ACC7 /* SDCollectionViewCell.m */,
				CFCB0F3D1F711E6F0087ACC7 /* SDCycleScrollView.h */,
				CFCB0F3E1F711E6F0087ACC7 /* SDCycleScrollView.m */,
				CFCB0F3F1F711E6F0087ACC7 /* TAAbstractDotView.h */,
				CFCB0F401F711E6F0087ACC7 /* TAAbstractDotView.m */,
				CFCB0F411F711E6F0087ACC7 /* TAAnimatedDotView.h */,
				CFCB0F421F711E6F0087ACC7 /* TAAnimatedDotView.m */,
				CFCB0F431F711E6F0087ACC7 /* TADotView.h */,
				CFCB0F441F711E6F0087ACC7 /* TADotView.m */,
				CFCB0F451F711E6F0087ACC7 /* TAPageControl.h */,
				CFCB0F461F711E6F0087ACC7 /* TAPageControl.m */,
				CFCB0F471F711E6F0087ACC7 /* UIView+SDExtension.h */,
				CFCB0F481F711E6F0087ACC7 /* UIView+SDExtension.m */,
			);
			path = SDCycleScrollView;
			sourceTree = "<group>";
		};
/* End PBXGroup section */

/* Begin PBXNativeTarget section */
		CF7214DD1F6678E4002F3634 /* gogo */ = {
			isa = PBXNativeTarget;
			buildConfigurationList = CF7214F51F6678E4002F3634 /* Build configuration list for PBXNativeTarget "gogo" */;
			buildPhases = (
				88DFDD9AEA1D766C41DB477C /* [CP] Check Pods Manifest.lock */,
				CF7214DA1F6678E4002F3634 /* Sources */,
				CF7214DB1F6678E4002F3634 /* Frameworks */,
				CF7214DC1F6678E4002F3634 /* Resources */,
				DFC7ED37DE13103FBF307719 /* [CP] Embed Pods Frameworks */,
				6CE402BDBD80A4686CBA8FD2 /* [CP] Copy Pods Resources */,
			);
			buildRules = (
			);
			dependencies = (
			);
			name = gogo;
			productName = qingliu;
			productReference = CF7214DE1F6678E4002F3634 /* gogo.app */;
			productType = "com.apple.product-type.application";
		};
/* End PBXNativeTarget section */

/* Begin PBXProject section */
		CF7214D61F6678E4002F3634 /* Project object */ = {
			isa = PBXProject;
			attributes = {
				LastUpgradeCheck = 0900;
				ORGANIZATIONNAME = by.huang;
				TargetAttributes = {
					CF7214DD1F6678E4002F3634 = {
						CreatedOnToolsVersion = 8.3.3;
						DevelopmentTeam = AB86U4DT8H;
						ProvisioningStyle = Automatic;
						SystemCapabilities = {
							com.apple.Push = {
								enabled = 1;
							};
						};
					};
				};
			};
			buildConfigurationList = CF7214D91F6678E4002F3634 /* Build configuration list for PBXProject "gogo" */;
			compatibilityVersion = "Xcode 3.2";
			developmentRegion = English;
			hasScannedForEncodings = 0;
			knownRegions = (
				en,
				Base,
			);
			mainGroup = CF7214D51F6678E4002F3634;
			productRefGroup = CF7214DF1F6678E4002F3634 /* Products */;
			projectDirPath = "";
			projectRoot = "";
			targets = (
				CF7214DD1F6678E4002F3634 /* gogo */,
			);
		};
/* End PBXProject section */

/* Begin PBXResourcesBuildPhase section */
		CF7214DC1F6678E4002F3634 /* Resources */ = {
			isa = PBXResourcesBuildPhase;
			buildActionMask = 2147483647;
			files = (
				CF0BEDD91F9BC817005275EE /* LaunchScreen.storyboard in Resources */,
				CFCB0F5A1F7249290087ACC7 /* News.plist in Resources */,
				CF7214EE1F6678E4002F3634 /* Assets.xcassets in Resources */,
				CFCB0F571F7175940087ACC7 /* CombatTeams.plist in Resources */,
			);
			runOnlyForDeploymentPostprocessing = 0;
		};
/* End PBXResourcesBuildPhase section */

/* Begin PBXShellScriptBuildPhase section */
		6CE402BDBD80A4686CBA8FD2 /* [CP] Copy Pods Resources */ = {
			isa = PBXShellScriptBuildPhase;
			buildActionMask = 2147483647;
			files = (
			);
			inputPaths = (
			);
			name = "[CP] Copy Pods Resources";
			outputPaths = (
			);
			runOnlyForDeploymentPostprocessing = 0;
			shellPath = /bin/sh;
			shellScript = "\"${SRCROOT}/Pods/Target Support Files/Pods-gogo/Pods-gogo-resources.sh\"\n";
			showEnvVarsInLog = 0;
		};
		88DFDD9AEA1D766C41DB477C /* [CP] Check Pods Manifest.lock */ = {
			isa = PBXShellScriptBuildPhase;
			buildActionMask = 2147483647;
			files = (
			);
			inputPaths = (
			);
			name = "[CP] Check Pods Manifest.lock";
			outputPaths = (
			);
			runOnlyForDeploymentPostprocessing = 0;
			shellPath = /bin/sh;
			shellScript = "diff \"${PODS_ROOT}/../Podfile.lock\" \"${PODS_ROOT}/Manifest.lock\" > /dev/null\nif [ $? != 0 ] ; then\n    # print error to STDERR\n    echo \"error: The sandbox is not in sync with the Podfile.lock. Run 'pod install' or update your CocoaPods installation.\" >&2\n    exit 1\nfi\n";
			showEnvVarsInLog = 0;
		};
		DFC7ED37DE13103FBF307719 /* [CP] Embed Pods Frameworks */ = {
			isa = PBXShellScriptBuildPhase;
			buildActionMask = 2147483647;
			files = (
			);
			inputPaths = (
			);
			name = "[CP] Embed Pods Frameworks";
			outputPaths = (
			);
			runOnlyForDeploymentPostprocessing = 0;
			shellPath = /bin/sh;
			shellScript = "\"${SRCROOT}/Pods/Target Support Files/Pods-gogo/Pods-gogo-frameworks.sh\"\n";
			showEnvVarsInLog = 0;
		};
/* End PBXShellScriptBuildPhase section */

/* Begin PBXSourcesBuildPhase section */
		CF7214DA1F6678E4002F3634 /* Sources */ = {
			isa = PBXSourcesBuildPhase;
			buildActionMask = 2147483647;
			files = (
				CFCB0F4B1F711E6F0087ACC7 /* TAAbstractDotView.m in Sources */,
				CF2EAE731F9FC47600F35974 /* ScheduleModel.m in Sources */,
				CFCB0F4A1F711E6F0087ACC7 /* SDCycleScrollView.m in Sources */,
				CF2EAE8B1FA10D6200F35974 /* CommentCell.m in Sources */,
				CF0BEDD51F9BB96E005275EE /* NewsCell.m in Sources */,
				CF0BEDCE1F9BB880005275EE /* MallPage.m in Sources */,
				CF7214E61F6678E4002F3634 /* AppDelegate.m in Sources */,
				CF0BEDD81F9BB998005275EE /* NewsModel.m in Sources */,
				CF2EAE7D1FA0DA4900F35974 /* CorpsCell.m in Sources */,
				CF0BEDD21F9BB8AF005275EE /* MinePage.m in Sources */,
				CF0BEDB31F9A3636005275EE /* LoginPage.m in Sources */,
				CF2EAE881FA1093900F35974 /* TitleView.m in Sources */,
				CF0BEDCA1F9BB862005275EE /* GamePage.m in Sources */,
				CF2EAE611F9E71A400F35974 /* ScheduleView.m in Sources */,
				CF2EAE7A1FA0D8F500F35974 /* CorpsModel.m in Sources */,
				CF2EAE911FA119AA00F35974 /* InsetTextField.m in Sources */,
				CF2EAE651F9E71D800F35974 /* CorpsView.m in Sources */,
				CFCB0F0F1F7105360087ACC7 /* ByNetUtil.m in Sources */,
				CF0BEDC21F9B4780005275EE /* Account.m in Sources */,
				CF2EAE851FA103CB00F35974 /* BarView.m in Sources */,
				CF0BEDBC1F9B4378005275EE /* AccountManager.m in Sources */,
				CFCB0F4C1F711E6F0087ACC7 /* TAAnimatedDotView.m in Sources */,
				CF0BEDB91F9B2F78005275EE /* PUtil.m in Sources */,
				CF2EAE701F9FC45300F35974 /* ScheduleContentCell.m in Sources */,
				CFCB0F491F711E6F0087ACC7 /* SDCollectionViewCell.m in Sources */,
				CF2EAE6D1F9FC44300F35974 /* ScheduleTitleCell.m in Sources */,
				CF2EAE941FA11C8800F35974 /* TouchScrollView.m in Sources */,
				CFCB0F181F71088F0087ACC7 /* HomeView.m in Sources */,
				CF2EAE761F9FC7C800F35974 /* ContentModel.m in Sources */,
				CFCB0F0C1F7105360087ACC7 /* BaseViewController.m in Sources */,
				CFCB0F151F7106620087ACC7 /* BySegmentView.m in Sources */,
				CF7214E31F6678E4002F3634 /* main.m in Sources */,
				CFCB0F4D1F711E6F0087ACC7 /* TADotView.m in Sources */,
				CF0BEDC51F9BA8EE005275EE /* MainPage.m in Sources */,
				CFCB0F0D1F7105360087ACC7 /* Constant.m in Sources */,
				CF2EAE8E1FA10D9200F35974 /* CommentModel.m in Sources */,
				CFCB0F4E1F711E6F0087ACC7 /* TAPageControl.m in Sources */,
				CF2EAE551F9D0FC000F35974 /* BottomView.m in Sources */,
				CF2EAE821FA1012800F35974 /* NewsDetailPage.m in Sources */,
				CFCB0F4F1F711E6F0087ACC7 /* UIView+SDExtension.m in Sources */,
				CF0BEDB61F9A3759005275EE /* ColorUtil.m in Sources */,
			);
			runOnlyForDeploymentPostprocessing = 0;
		};
/* End PBXSourcesBuildPhase section */

/* Begin PBXVariantGroup section */
		CF0BEDDB1F9BC817005275EE /* LaunchScreen.storyboard */ = {
			isa = PBXVariantGroup;
			children = (
				CF0BEDDA1F9BC817005275EE /* Base */,
			);
			name = LaunchScreen.storyboard;
			sourceTree = "<group>";
		};
/* End PBXVariantGroup section */

/* Begin XCBuildConfiguration section */
		CF7214F31F6678E4002F3634 /* Debug */ = {
			isa = XCBuildConfiguration;
			buildSettings = {
				ALWAYS_SEARCH_USER_PATHS = NO;
				CLANG_ANALYZER_NONNULL = YES;
				CLANG_ANALYZER_NUMBER_OBJECT_CONVERSION = YES_AGGRESSIVE;
				CLANG_CXX_LANGUAGE_STANDARD = "gnu++0x";
				CLANG_CXX_LIBRARY = "libc++";
				CLANG_ENABLE_MODULES = YES;
				CLANG_ENABLE_OBJC_ARC = YES;
				CLANG_WARN_BLOCK_CAPTURE_AUTORELEASING = YES;
				CLANG_WARN_BOOL_CONVERSION = YES;
				CLANG_WARN_COMMA = YES;
				CLANG_WARN_CONSTANT_CONVERSION = YES;
				CLANG_WARN_DIRECT_OBJC_ISA_USAGE = YES_ERROR;
				CLANG_WARN_DOCUMENTATION_COMMENTS = YES;
				CLANG_WARN_EMPTY_BODY = YES;
				CLANG_WARN_ENUM_CONVERSION = YES;
				CLANG_WARN_INFINITE_RECURSION = YES;
				CLANG_WARN_INT_CONVERSION = YES;
				CLANG_WARN_NON_LITERAL_NULL_CONVERSION = YES;
				CLANG_WARN_OBJC_LITERAL_CONVERSION = YES;
				CLANG_WARN_OBJC_ROOT_CLASS = YES_ERROR;
				CLANG_WARN_RANGE_LOOP_ANALYSIS = YES;
				CLANG_WARN_STRICT_PROTOTYPES = YES;
				CLANG_WARN_SUSPICIOUS_MOVE = YES;
				CLANG_WARN_UNREACHABLE_CODE = YES;
				CLANG_WARN__DUPLICATE_METHOD_MATCH = YES;
				"CODE_SIGN_IDENTITY[sdk=iphoneos*]" = "iPhone Developer";
				COPY_PHASE_STRIP = NO;
				DEBUG_INFORMATION_FORMAT = dwarf;
				ENABLE_STRICT_OBJC_MSGSEND = YES;
				ENABLE_TESTABILITY = YES;
				GCC_C_LANGUAGE_STANDARD = gnu99;
				GCC_DYNAMIC_NO_PIC = NO;
				GCC_NO_COMMON_BLOCKS = YES;
				GCC_OPTIMIZATION_LEVEL = 0;
				GCC_PREPROCESSOR_DEFINITIONS = (
					"DEBUG=1",
					"$(inherited)",
				);
				GCC_WARN_64_TO_32_BIT_CONVERSION = YES;
				GCC_WARN_ABOUT_RETURN_TYPE = YES_ERROR;
				GCC_WARN_UNDECLARED_SELECTOR = YES;
				GCC_WARN_UNINITIALIZED_AUTOS = YES_AGGRESSIVE;
				GCC_WARN_UNUSED_FUNCTION = YES;
				GCC_WARN_UNUSED_VARIABLE = YES;
				IPHONEOS_DEPLOYMENT_TARGET = 10.3;
				MTL_ENABLE_DEBUG_INFO = YES;
				ONLY_ACTIVE_ARCH = YES;
				SDKROOT = iphoneos;
				TARGETED_DEVICE_FAMILY = "1,2";
			};
			name = Debug;
		};
		CF7214F41F6678E4002F3634 /* Release */ = {
			isa = XCBuildConfiguration;
			buildSettings = {
				ALWAYS_SEARCH_USER_PATHS = NO;
				CLANG_ANALYZER_NONNULL = YES;
				CLANG_ANALYZER_NUMBER_OBJECT_CONVERSION = YES_AGGRESSIVE;
				CLANG_CXX_LANGUAGE_STANDARD = "gnu++0x";
				CLANG_CXX_LIBRARY = "libc++";
				CLANG_ENABLE_MODULES = YES;
				CLANG_ENABLE_OBJC_ARC = YES;
				CLANG_WARN_BLOCK_CAPTURE_AUTORELEASING = YES;
				CLANG_WARN_BOOL_CONVERSION = YES;
				CLANG_WARN_COMMA = YES;
				CLANG_WARN_CONSTANT_CONVERSION = YES;
				CLANG_WARN_DIRECT_OBJC_ISA_USAGE = YES_ERROR;
				CLANG_WARN_DOCUMENTATION_COMMENTS = YES;
				CLANG_WARN_EMPTY_BODY = YES;
				CLANG_WARN_ENUM_CONVERSION = YES;
				CLANG_WARN_INFINITE_RECURSION = YES;
				CLANG_WARN_INT_CONVERSION = YES;
				CLANG_WARN_NON_LITERAL_NULL_CONVERSION = YES;
				CLANG_WARN_OBJC_LITERAL_CONVERSION = YES;
				CLANG_WARN_OBJC_ROOT_CLASS = YES_ERROR;
				CLANG_WARN_RANGE_LOOP_ANALYSIS = YES;
				CLANG_WARN_STRICT_PROTOTYPES = YES;
				CLANG_WARN_SUSPICIOUS_MOVE = YES;
				CLANG_WARN_UNREACHABLE_CODE = YES;
				CLANG_WARN__DUPLICATE_METHOD_MATCH = YES;
				"CODE_SIGN_IDENTITY[sdk=iphoneos*]" = "iPhone Developer";
				COPY_PHASE_STRIP = NO;
				DEBUG_INFORMATION_FORMAT = "dwarf-with-dsym";
				ENABLE_NS_ASSERTIONS = NO;
				ENABLE_STRICT_OBJC_MSGSEND = YES;
				GCC_C_LANGUAGE_STANDARD = gnu99;
				GCC_NO_COMMON_BLOCKS = YES;
				GCC_WARN_64_TO_32_BIT_CONVERSION = YES;
				GCC_WARN_ABOUT_RETURN_TYPE = YES_ERROR;
				GCC_WARN_UNDECLARED_SELECTOR = YES;
				GCC_WARN_UNINITIALIZED_AUTOS = YES_AGGRESSIVE;
				GCC_WARN_UNUSED_FUNCTION = YES;
				GCC_WARN_UNUSED_VARIABLE = YES;
				IPHONEOS_DEPLOYMENT_TARGET = 10.3;
				MTL_ENABLE_DEBUG_INFO = NO;
				SDKROOT = iphoneos;
				TARGETED_DEVICE_FAMILY = "1,2";
				VALIDATE_PRODUCT = YES;
			};
			name = Release;
		};
		CF7214F61F6678E4002F3634 /* Debug */ = {
			isa = XCBuildConfiguration;
			baseConfigurationReference = FC91EBAA0A903D9AA36FDE62 /* Pods-gogo.debug.xcconfig */;
			buildSettings = {
				ASSETCATALOG_COMPILER_APPICON_NAME = AppIcon;
				ASSETCATALOG_COMPILER_LAUNCHIMAGE_NAME = LaunchImage;
				CODE_SIGN_ENTITLEMENTS = gogo/gogo.entitlements;
				DEVELOPMENT_TEAM = AB86U4DT8H;
				GCC_INCREASE_PRECOMPILED_HEADER_SHARING = NO;
				GCC_PREFIX_HEADER = "$(SRCROOT)/gogo/PrefixHeader.pch";
				INFOPLIST_FILE = "$(SRCROOT)/gogo/Info.plist";
				LD_RUNPATH_SEARCH_PATHS = "$(inherited) @executable_path/Frameworks";
				ONLY_ACTIVE_ARCH = YES;
				PRODUCT_BUNDLE_IDENTIFIER = com.scrat.gogo;
				PRODUCT_NAME = "$(TARGET_NAME)";
			};
			name = Debug;
		};
		CF7214F71F6678E4002F3634 /* Release */ = {
			isa = XCBuildConfiguration;
			baseConfigurationReference = 4C28CEC5C40CD549BF302F04 /* Pods-gogo.release.xcconfig */;
			buildSettings = {
				ASSETCATALOG_COMPILER_APPICON_NAME = AppIcon;
				ASSETCATALOG_COMPILER_LAUNCHIMAGE_NAME = LaunchImage;
				CODE_SIGN_ENTITLEMENTS = gogo/gogo.entitlements;
				DEVELOPMENT_TEAM = AB86U4DT8H;
				GCC_INCREASE_PRECOMPILED_HEADER_SHARING = NO;
				GCC_PREFIX_HEADER = "$(SRCROOT)/gogo/PrefixHeader.pch";
				INFOPLIST_FILE = "$(SRCROOT)/gogo/Info.plist";
				LD_RUNPATH_SEARCH_PATHS = "$(inherited) @executable_path/Frameworks";
				ONLY_ACTIVE_ARCH = NO;
				PRODUCT_BUNDLE_IDENTIFIER = com.scrat.gogo;
				PRODUCT_NAME = "$(TARGET_NAME)";
			};
			name = Release;
		};
/* End XCBuildConfiguration section */

/* Begin XCConfigurationList section */
		CF7214D91F6678E4002F3634 /* Build configuration list for PBXProject "gogo" */ = {
			isa = XCConfigurationList;
			buildConfigurations = (
				CF7214F31F6678E4002F3634 /* Debug */,
				CF7214F41F6678E4002F3634 /* Release */,
			);
			defaultConfigurationIsVisible = 0;
			defaultConfigurationName = Release;
		};
		CF7214F51F6678E4002F3634 /* Build configuration list for PBXNativeTarget "gogo" */ = {
			isa = XCConfigurationList;
			buildConfigurations = (
				CF7214F61F6678E4002F3634 /* Debug */,
				CF7214F71F6678E4002F3634 /* Release */,
			);
			defaultConfigurationIsVisible = 0;
			defaultConfigurationName = Release;
		};
/* End XCConfigurationList section */
	};
	rootObject = CF7214D61F6678E4002F3634 /* Project object */;
}
